{
  "object": {
    "pins": [
      {
        "package": "CameLLM",
        "repositoryURL": "https://github.com/CameLLM/CameLLM",
        "state": {
          "branch": "main",
          "revision": "4b57a6231e70e3ff8aa4fe98072b8a2c6b56e36b",
          "version": null
        }
      },
      {
        "package": "CameLLMCommon",
        "repositoryURL": "https://github.com/CameLLM/CameLLM-Common",
        "state": {
          "branch": "main",
          "revision": "d64bf265c74c92e9984cb191063ffa03cbe40eb9",
          "version": null
        }
      },
      {
        "package": "CameLLMPluginHarness",
        "repositoryURL": "https://github.com/CameLLM/CameLLM-Plugin-Harness",
        "state": {
          "branch": "main",
          "revision": "92bd1acb24faeda4deaf0beefdfa3b24f759dd79",
          "version": null
        }
      },
      {
        "package": "Coquille",
        "repositoryURL": "https://github.com/alexrozanski/Coquille.git",
        "state": {
          "branch": null,
          "revision": "cb28716215a56760c66a4f635a1f71d6a2e2a42a",
          "version": "0.3.0"
        }
      }
    ]
  },
  "version": 1
}
